
Microsoft Visual Studio Solution File, Format Version 12.00
# Visual Studio Version 16
VisualStudioVersion = 16.0.30907.101
MinimumVisualStudioVersion = 10.0.40219.1
Project("{FAE04EC0-301F-11D3-BF4B-00C04F79EFBC}") = "DotNetStockListDemo", "DotNetStockListDemo.csproj", "{6F083025-329E-46B7-ACDD-027CC41E7491}"
EndProject
Global
	GlobalSection(SolutionConfigurationPlatforms) = preSolution
		Debug|Any CPU = Debug|Any CPU
		Debug|x86 = Debug|x86
		Release|Any CPU = Release|Any CPU
		Release|x86 = Release|x86
	EndGlobalSection
	GlobalSection(ProjectConfigurationPlatforms) = postSolution
		{6F083025-329E-46B7-ACDD-027CC41E7491}.Debug|Any CPU.ActiveCfg = Debug|Any CPU
		{6F083025-329E-46B7-ACDD-027CC41E7491}.Debug|Any CPU.Build.0 = Debug|Any CPU
		{6F083025-329E-46B7-ACDD-027CC41E7491}.Debug|x86.ActiveCfg = Debug|Any CPU
		{6F083025-329E-46B7-ACDD-027CC41E7491}.Debug|x86.Build.0 = Debug|Any CPU
		{6F083025-329E-46B7-ACDD-027CC41E7491}.Release|Any CPU.ActiveCfg = Release|Any CPU
		{6F083025-329E-46B7-ACDD-027CC41E7491}.Release|Any CPU.Build.0 = Release|Any CPU
		{6F083025-329E-46B7-ACDD-027CC41E7491}.Release|x86.ActiveCfg = Release|Any CPU
		{6F083025-329E-46B7-ACDD-027CC41E7491}.Release|x86.Build.0 = Release|Any CPU
	EndGlobalSection
	GlobalSection(SolutionProperties) = preSolution
		HideSolutionNode = FALSE
	EndGlobalSection
	GlobalSection(ExtensibilityGlobals) = postSolution
		SolutionGuid = {B8730421-0334-4D00-B141-40BE9B45FEB9}
	EndGlobalSection
EndGlobal
